
Microsoft Visual Studio Solution File, Format Version 12.00
# Visual Studio 14
VisualStudioVersion = 14.0.25420.1
MinimumVisualStudioVersion = 10.0.40219.1
Project("{FAE04EC0-301F-11D3-BF4B-00C04F79EFBC}") = "FrankJob.Log", "FrankJob.Log\FrankJob.Log.csproj", "{FDA842FB-8767-4DCF-952A-3BB2B6382C05}"
EndProject
Project("{FAE04EC0-301F-11D3-BF4B-00C04F79EFBC}") = "FrankJob.Log.Test", "FrankJob.Log.Test\FrankJob.Log.Test.csproj", "{14C4C6D1-5788-43F6-82FA-1B8CBCA8E24D}"
EndProject
Global
	GlobalSection(SolutionConfigurationPlatforms) = preSolution
		Debug|Any CPU = Debug|Any CPU
		Release|Any CPU = Release|Any CPU
	EndGlobalSection
	GlobalSection(ProjectConfigurationPlatforms) = postSolution
		{FDA842FB-8767-4DCF-952A-3BB2B6382C05}.Debug|Any CPU.ActiveCfg = Debug|Any CPU
		{FDA842FB-8767-4DCF-952A-3BB2B6382C05}.Debug|Any CPU.Build.0 = Debug|Any CPU
		{FDA842FB-8767-4DCF-952A-3BB2B6382C05}.Release|Any CPU.ActiveCfg = Release|Any CPU
		{FDA842FB-8767-4DCF-952A-3BB2B6382C05}.Release|Any CPU.Build.0 = Release|Any CPU
		{14C4C6D1-5788-43F6-82FA-1B8CBCA8E24D}.Debug|Any CPU.ActiveCfg = Debug|Any CPU
		{14C4C6D1-5788-43F6-82FA-1B8CBCA8E24D}.Debug|Any CPU.Build.0 = Debug|Any CPU
		{14C4C6D1-5788-43F6-82FA-1B8CBCA8E24D}.Release|Any CPU.ActiveCfg = Release|Any CPU
		{14C4C6D1-5788-43F6-82FA-1B8CBCA8E24D}.Release|Any CPU.Build.0 = Release|Any CPU
	EndGlobalSection
	GlobalSection(SolutionProperties) = preSolution
		HideSolutionNode = FALSE
	EndGlobalSection
EndGlobal
